
Microsoft Visual Studio Solution File, Format Version 12.00
# Visual Studio 15
Project("{FAE04EC0-301F-11D3-BF4B-00C04F79EFBC}") = "Assembly-CSharp", "Assembly-CSharp.csproj", "{89249F66-2BB8-65E9-50E2-08816ED5541B}"
EndProject
Global
	GlobalSection(SolutionConfigurationPlatforms) = preSolution
		Debug|Any CPU = Debug|Any CPU
		Release|Any CPU = Release|Any CPU
	EndGlobalSection
	GlobalSection(ProjectConfigurationPlatforms) = postSolution
		{89249F66-2BB8-65E9-50E2-08816ED5541B}.Debug|Any CPU.ActiveCfg = Debug|Any CPU
		{89249F66-2BB8-65E9-50E2-08816ED5541B}.Debug|Any CPU.Build.0 = Debug|Any CPU
		{89249F66-2BB8-65E9-50E2-08816ED5541B}.Release|Any CPU.ActiveCfg = Release|Any CPU
		{89249F66-2BB8-65E9-50E2-08816ED5541B}.Release|Any CPU.Build.0 = Release|Any CPU
	EndGlobalSection
	GlobalSection(SolutionProperties) = preSolution
		HideSolutionNode = FALSE
	EndGlobalSection
EndGlobal
